// !$*UTF8*$!
{
	archiveVersion = 1;
	classes = {
	};
	objectVersion = 46;
	objects = {

/* Begin PBXBuildFile section */
		322EBD251C48A0D20099748E /* .gitignore in Resources */ = {isa = PBXBuildFile; fileRef = 322EBD241C48A0D20099748E /* .gitignore */; };
		328ADE681C44EEE400268C75 /* App.swift in Sources */ = {isa = PBXBuildFile; fileRef = 328ADE671C44EEE400268C75 /* App.swift */; };
		328ADE691C44EEE400268C75 /* App.swift in Sources */ = {isa = PBXBuildFile; fileRef = 328ADE671C44EEE400268C75 /* App.swift */; };
		CC0927531C466A7E00BCFF8C /* AppTableViewController.swift in Sources */ = {isa = PBXBuildFile; fileRef = CC0927521C466A7E00BCFF8C /* AppTableViewController.swift */; };
		CCCC8CB61C3D2FE700E05FCD /* AppDelegate.swift in Sources */ = {isa = PBXBuildFile; fileRef = CCCC8CB51C3D2FE700E05FCD /* AppDelegate.swift */; };
		CCCC8CB81C3D2FE700E05FCD /* ViewController.swift in Sources */ = {isa = PBXBuildFile; fileRef = CCCC8CB71C3D2FE700E05FCD /* ViewController.swift */; };
		CCCC8CBB1C3D2FE700E05FCD /* Main.storyboard in Resources */ = {isa = PBXBuildFile; fileRef = CCCC8CB91C3D2FE700E05FCD /* Main.storyboard */; };
		CCCC8CBD1C3D2FE700E05FCD /* Assets.xcassets in Resources */ = {isa = PBXBuildFile; fileRef = CCCC8CBC1C3D2FE700E05FCD /* Assets.xcassets */; };
		CCCC8CC01C3D2FE700E05FCD /* LaunchScreen.storyboard in Resources */ = {isa = PBXBuildFile; fileRef = CCCC8CBE1C3D2FE700E05FCD /* LaunchScreen.storyboard */; };
		CCCC8CCB1C3D2FE700E05FCD /* tableviewTests.swift in Sources */ = {isa = PBXBuildFile; fileRef = CCCC8CCA1C3D2FE700E05FCD /* tableviewTests.swift */; };
		CCCC8CD61C3D2FE700E05FCD /* tableviewUITests.swift in Sources */ = {isa = PBXBuildFile; fileRef = CCCC8CD51C3D2FE700E05FCD /* tableviewUITests.swift */; };
		CCCC8CE41C3D39F200E05FCD /* AppTableViewCell.swift in Sources */ = {isa = PBXBuildFile; fileRef = CCCC8CE31C3D39F200E05FCD /* AppTableViewCell.swift */; };
		CCCC8CE81C3D4FB400E05FCD /* AppViewController.swift in Sources */ = {isa = PBXBuildFile; fileRef = CCCC8CE71C3D4FB400E05FCD /* AppViewController.swift */; };
/* End PBXBuildFile section */

/* Begin PBXContainerItemProxy section */
		CCCC8CC71C3D2FE700E05FCD /* PBXContainerItemProxy */ = {
			isa = PBXContainerItemProxy;
			containerPortal = CCCC8CAA1C3D2FE700E05FCD /* Project object */;
			proxyType = 1;
			remoteGlobalIDString = CCCC8CB11C3D2FE700E05FCD;
			remoteInfo = tableview;
		};
		CCCC8CD21C3D2FE700E05FCD /* PBXContainerItemProxy */ = {
			isa = PBXContainerItemProxy;
			containerPortal = CCCC8CAA1C3D2FE700E05FCD /* Project object */;
			proxyType = 1;
			remoteGlobalIDString = CCCC8CB11C3D2FE700E05FCD;
			remoteInfo = tableview;
		};
/* End PBXContainerItemProxy section */

/* Begin PBXFileReference section */
		322EBD241C48A0D20099748E /* .gitignore */ = {isa = PBXFileReference; fileEncoding = 4; lastKnownFileType = text; path = .gitignore; sourceTree = "<group>"; };
		328ADE671C44EEE400268C75 /* App.swift */ = {isa = PBXFileReference; fileEncoding = 4; lastKnownFileType = sourcecode.swift; path = App.swift; sourceTree = "<group>"; };
		CC0927521C466A7E00BCFF8C /* AppTableViewController.swift */ = {isa = PBXFileReference; fileEncoding = 4; lastKnownFileType = sourcecode.swift; path = AppTableViewController.swift; sourceTree = "<group>"; };
		CCCC8CB21C3D2FE700E05FCD /* tableview.app */ = {isa = PBXFileReference; explicitFileType = wrapper.application; includeInIndex = 0; path = tableview.app; sourceTree = BUILT_PRODUCTS_DIR; };
		CCCC8CB51C3D2FE700E05FCD /* AppDelegate.swift */ = {isa = PBXFileReference; lastKnownFileType = sourcecode.swift; path = AppDelegate.swift; sourceTree = "<group>"; };
		CCCC8CB71C3D2FE700E05FCD /* ViewController.swift */ = {isa = PBXFileReference; lastKnownFileType = sourcecode.swift; path = ViewController.swift; sourceTree = "<group>"; };
		CCCC8CBA1C3D2FE700E05FCD /* Base */ = {isa = PBXFileReference; lastKnownFileType = file.storyboard; name = Base; path = Base.lproj/Main.storyboard; sourceTree = "<group>"; };
		CCCC8CBC1C3D2FE700E05FCD /* Assets.xcassets */ = {isa = PBXFileReference; lastKnownFileType = folder.assetcatalog; path = Assets.xcassets; sourceTree = "<group>"; };
		CCCC8CBF1C3D2FE700E05FCD /* Base */ = {isa = PBXFileReference; lastKnownFileType = file.storyboard; name = Base; path = Base.lproj/LaunchScreen.storyboard; sourceTree = "<group>"; };
		CCCC8CC11C3D2FE700E05FCD /* Info.plist */ = {isa = PBXFileReference; lastKnownFileType = text.plist.xml; path = Info.plist; sourceTree = "<group>"; };
		CCCC8CC61C3D2FE700E05FCD /* tableviewTests.xctest */ = {isa = PBXFileReference; explicitFileType = wrapper.cfbundle; includeInIndex = 0; path = tableviewTests.xctest; sourceTree = BUILT_PRODUCTS_DIR; };
		CCCC8CCA1C3D2FE700E05FCD /* tableviewTests.swift */ = {isa = PBXFileReference; lastKnownFileType = sourcecode.swift; path = tableviewTests.swift; sourceTree = "<group>"; };
		CCCC8CCC1C3D2FE700E05FCD /* Info.plist */ = {isa = PBXFileReference; lastKnownFileType = text.plist.xml; path = Info.plist; sourceTree = "<group>"; };
		CCCC8CD11C3D2FE700E05FCD /* tableviewUITests.xctest */ = {isa = PBXFileReference; explicitFileType = wrapper.cfbundle; includeInIndex = 0; path = tableviewUITests.xctest; sourceTree = BUILT_PRODUCTS_DIR; };
		CCCC8CD51C3D2FE700E05FCD /* tableviewUITests.swift */ = {isa = PBXFileReference; lastKnownFileType = sourcecode.swift; path = tableviewUITests.swift; sourceTree = "<group>"; };
		CCCC8CD71C3D2FE700E05FCD /* Info.plist */ = {isa = PBXFileReference; lastKnownFileType = text.plist.xml; path = Info.plist; sourceTree = "<group>"; };
		CCCC8CE31C3D39F200E05FCD /* AppTableViewCell.swift */ = {isa = PBXFileReference; fileEncoding = 4; lastKnownFileType = sourcecode.swift; path = AppTableViewCell.swift; sourceTree = "<group>"; };
		CCCC8CE71C3D4FB400E05FCD /* AppViewController.swift */ = {isa = PBXFileReference; fileEncoding = 4; lastKnownFileType = sourcecode.swift; path = AppViewController.swift; sourceTree = "<group>"; };
/* End PBXFileReference section */

/* Begin PBXFrameworksBuildPhase section */
		CCCC8CAF1C3D2FE700E05FCD /* Frameworks */ = {
			isa = PBXFrameworksBuildPhase;
			buildActionMask = 2147483647;
			files = (
			);
			runOnlyForDeploymentPostprocessing = 0;
		};
		CCCC8CC31C3D2FE700E05FCD /* Frameworks */ = {
			isa = PBXFrameworksBuildPhase;
			buildActionMask = 2147483647;
			files = (
			);
			runOnlyForDeploymentPostprocessing = 0;
		};
		CCCC8CCE1C3D2FE700E05FCD /* Frameworks */ = {
			isa = PBXFrameworksBuildPhase;
			buildActionMask = 2147483647;
			files = (
			);
			runOnlyForDeploymentPostprocessing = 0;
		};
/* End PBXFrameworksBuildPhase section */

/* Begin PBXGroup section */
		CCCC8CA91C3D2FE700E05FCD = {
			isa = PBXGroup;
			children = (
				322EBD241C48A0D20099748E /* .gitignore */,
				CCCC8CB41C3D2FE700E05FCD /* tableview */,
				CCCC8CC91C3D2FE700E05FCD /* tableviewTests */,
				CCCC8CD41C3D2FE700E05FCD /* tableviewUITests */,
				CCCC8CB31C3D2FE700E05FCD /* Products */,
			);
			sourceTree = "<group>";
		};
		CCCC8CB31C3D2FE700E05FCD /* Products */ = {
			isa = PBXGroup;
			children = (
				CCCC8CB21C3D2FE700E05FCD /* tableview.app */,
				CCCC8CC61C3D2FE700E05FCD /* tableviewTests.xctest */,
				CCCC8CD11C3D2FE700E05FCD /* tableviewUITests.xctest */,
			);
			name = Products;
			sourceTree = "<group>";
		};
		CCCC8CB41C3D2FE700E05FCD /* tableview */ = {
			isa = PBXGroup;
			children = (
				328ADE671C44EEE400268C75 /* App.swift */,
				CC0927521C466A7E00BCFF8C /* AppTableViewController.swift */,
				CCCC8CB51C3D2FE700E05FCD /* AppDelegate.swift */,
				CCCC8CB71C3D2FE700E05FCD /* ViewController.swift */,
				CCCC8CB91C3D2FE700E05FCD /* Main.storyboard */,
				CCCC8CBC1C3D2FE700E05FCD /* Assets.xcassets */,
				CCCC8CBE1C3D2FE700E05FCD /* LaunchScreen.storyboard */,
				CCCC8CC11C3D2FE700E05FCD /* Info.plist */,
				CCCC8CE31C3D39F200E05FCD /* AppTableViewCell.swift */,
				CCCC8CE71C3D4FB400E05FCD /* AppViewController.swift */,
			);
			path = tableview;
			sourceTree = "<group>";
		};
		CCCC8CC91C3D2FE700E05FCD /* tableviewTests */ = {
			isa = PBXGroup;
			children = (
				CCCC8CCA1C3D2FE700E05FCD /* tableviewTests.swift */,
				CCCC8CCC1C3D2FE700E05FCD /* Info.plist */,
			);
			path = tableviewTests;
			sourceTree = "<group>";
		};
		CCCC8CD41C3D2FE700E05FCD /* tableviewUITests */ = {
			isa = PBXGroup;
			children = (
				CCCC8CD51C3D2FE700E05FCD /* tableviewUITests.swift */,
				CCCC8CD71C3D2FE700E05FCD /* Info.plist */,
			);
			path = tableviewUITests;
			sourceTree = "<group>";
		};
/* End PBXGroup section */

/* Begin PBXNativeTarget section */
		CCCC8CB11C3D2FE700E05FCD /* tableview */ = {
			isa = PBXNativeTarget;
			buildConfigurationList = CCCC8CDA1C3D2FE700E05FCD /* Build configuration list for PBXNativeTarget "tableview" */;
			buildPhases = (
				CCCC8CAE1C3D2FE700E05FCD /* Sources */,
				CCCC8CAF1C3D2FE700E05FCD /* Frameworks */,
				CCCC8CB01C3D2FE700E05FCD /* Resources */,
			);
			buildRules = (
			);
			dependencies = (
			);
			name = tableview;
			productName = tableview;
			productReference = CCCC8CB21C3D2FE700E05FCD /* tableview.app */;
			productType = "com.apple.product-type.application";
		};
		CCCC8CC51C3D2FE700E05FCD /* tableviewTests */ = {
			isa = PBXNativeTarget;
			buildConfigurationList = CCCC8CDD1C3D2FE700E05FCD /* Build configuration list for PBXNativeTarget "tableviewTests" */;
			buildPhases = (
				CCCC8CC21C3D2FE700E05FCD /* Sources */,
				CCCC8CC31C3D2FE700E05FCD /* Frameworks */,
				CCCC8CC41C3D2FE700E05FCD /* Resources */,
			);
			buildRules = (
			);
			dependencies = (
				CCCC8CC81C3D2FE700E05FCD /* PBXTargetDependency */,
			);
			name = tableviewTests;
			productName = tableviewTests;
			productReference = CCCC8CC61C3D2FE700E05FCD /* tableviewTests.xctest */;
			productType = "com.apple.product-type.bundle.unit-test";
		};
		CCCC8CD01C3D2FE700E05FCD /* tableviewUITests */ = {
			isa = PBXNativeTarget;
			buildConfigurationList = CCCC8CE01C3D2FE700E05FCD /* Build configuration list for PBXNativeTarget "tableviewUITests" */;
			buildPhases = (
				CCCC8CCD1C3D2FE700E05FCD /* Sources */,
				CCCC8CCE1C3D2FE700E05FCD /* Frameworks */,
				CCCC8CCF1C3D2FE700E05FCD /* Resources */,
			);
			buildRules = (
			);
			dependencies = (
				CCCC8CD31C3D2FE700E05FCD /* PBXTargetDependency */,
			);
			name = tableviewUITests;
			productName = tableviewUITests;
			productReference = CCCC8CD11C3D2FE700E05FCD /* tableviewUITests.xctest */;
			productType = "com.apple.product-type.bundle.ui-testing";
		};
/* End PBXNativeTarget section */

/* Begin PBXProject section */
		CCCC8CAA1C3D2FE700E05FCD /* Project object */ = {
			isa = PBXProject;
			attributes = {
				LastSwiftUpdateCheck = 0720;
				LastUpgradeCheck = 0720;
				ORGANIZATIONNAME = bart.lee;
				TargetAttributes = {
					CCCC8CB11C3D2FE700E05FCD = {
						CreatedOnToolsVersion = 7.2;
					};
					CCCC8CC51C3D2FE700E05FCD = {
						CreatedOnToolsVersion = 7.2;
						TestTargetID = CCCC8CB11C3D2FE700E05FCD;
					};
					CCCC8CD01C3D2FE700E05FCD = {
						CreatedOnToolsVersion = 7.2;
						TestTargetID = CCCC8CB11C3D2FE700E05FCD;
					};
				};
			};
			buildConfigurationList = CCCC8CAD1C3D2FE700E05FCD /* Build configuration list for PBXProject "tableview" */;
			compatibilityVersion = "Xcode 3.2";
			developmentRegion = English;
			hasScannedForEncodings = 0;
			knownRegions = (
				en,
				Base,
			);
			mainGroup = CCCC8CA91C3D2FE700E05FCD;
			productRefGroup = CCCC8CB31C3D2FE700E05FCD /* Products */;
			projectDirPath = "";
			projectRoot = "";
			targets = (
				CCCC8CB11C3D2FE700E05FCD /* tableview */,
				CCCC8CC51C3D2FE700E05FCD /* tableviewTests */,
				CCCC8CD01C3D2FE700E05FCD /* tableviewUITests */,
			);
		};
/* End PBXProject section */

/* Begin PBXResourcesBuildPhase section */
		CCCC8CB01C3D2FE700E05FCD /* Resources */ = {
			isa = PBXResourcesBuildPhase;
			buildActionMask = 2147483647;
			files = (
				322EBD251C48A0D20099748E /* .gitignore in Resources */,
				CCCC8CC01C3D2FE700E05FCD /* LaunchScreen.storyboard in Resources */,
				CCCC8CBD1C3D2FE700E05FCD /* Assets.xcassets in Resources */,
				CCCC8CBB1C3D2FE700E05FCD /* Main.storyboard in Resources */,
			);
			runOnlyForDeploymentPostprocessing = 0;
		};
		CCCC8CC41C3D2FE700E05FCD /* Resources */ = {
			isa = PBXResourcesBuildPhase;
			buildActionMask = 2147483647;
			files = (
			);
			runOnlyForDeploymentPostprocessing = 0;
		};
		CCCC8CCF1C3D2FE700E05FCD /* Resources */ = {
			isa = PBXResourcesBuildPhase;
			buildActionMask = 2147483647;
			files = (
			);
			runOnlyForDeploymentPostprocessing = 0;
		};
/* End PBXResourcesBuildPhase section */

/* Begin PBXSourcesBuildPhase section */
		CCCC8CAE1C3D2FE700E05FCD /* Sources */ = {
			isa = PBXSourcesBuildPhase;
			buildActionMask = 2147483647;
			files = (
				CCCC8CB81C3D2FE700E05FCD /* ViewController.swift in Sources */,
				CCCC8CB61C3D2FE700E05FCD /* AppDelegate.swift in Sources */,
				CCCC8CE81C3D4FB400E05FCD /* AppViewController.swift in Sources */,
				CC0927531C466A7E00BCFF8C /* AppTableViewController.swift in Sources */,
				328ADE681C44EEE400268C75 /* App.swift in Sources */,
				CCCC8CE41C3D39F200E05FCD /* AppTableViewCell.swift in Sources */,
			);
			runOnlyForDeploymentPostprocessing = 0;
		};
		CCCC8CC21C3D2FE700E05FCD /* Sources */ = {
			isa = PBXSourcesBuildPhase;
			buildActionMask = 2147483647;
			files = (
				CCCC8CCB1C3D2FE700E05FCD /* tableviewTests.swift in Sources */,
				328ADE691C44EEE400268C75 /* App.swift in Sources */,
			);
			runOnlyForDeploymentPostprocessing = 0;
		};
		CCCC8CCD1C3D2FE700E05FCD /* Sources */ = {
			isa = PBXSourcesBuildPhase;
			buildActionMask = 2147483647;
			files = (
				CCCC8CD61C3D2FE700E05FCD /* tableviewUITests.swift in Sources */,
			);
			runOnlyForDeploymentPostprocessing = 0;
		};
/* End PBXSourcesBuildPhase section */

/* Begin PBXTargetDependency section */
		CCCC8CC81C3D2FE700E05FCD /* PBXTargetDependency */ = {
			isa = PBXTargetDependency;
			target = CCCC8CB11C3D2FE700E05FCD /* tableview */;
			targetProxy = CCCC8CC71C3D2FE700E05FCD /* PBXContainerItemProxy */;
		};
		CCCC8CD31C3D2FE700E05FCD /* PBXTargetDependency */ = {
			isa = PBXTargetDependency;
			target = CCCC8CB11C3D2FE700E05FCD /* tableview */;
			targetProxy = CCCC8CD21C3D2FE700E05FCD /* PBXContainerItemProxy */;
		};
/* End PBXTargetDependency section */

/* Begin PBXVariantGroup section */
		CCCC8CB91C3D2FE700E05FCD /* Main.storyboard */ = {
			isa = PBXVariantGroup;
			children = (
				CCCC8CBA1C3D2FE700E05FCD /* Base */,
			);
			name = Main.storyboard;
			sourceTree = "<group>";
		};
		CCCC8CBE1C3D2FE700E05FCD /* LaunchScreen.storyboard */ = {
			isa = PBXVariantGroup;
			children = (
				CCCC8CBF1C3D2FE700E05FCD /* Base */,
			);
			name = LaunchScreen.storyboard;
			sourceTree = "<group>";
		};
/* End PBXVariantGroup section */

/* Begin XCBuildConfiguration section */
		CCCC8CD81C3D2FE700E05FCD /* Debug */ = {
			isa = XCBuildConfiguration;
			buildSettings = {
				ALWAYS_SEARCH_USER_PATHS = NO;
				CLANG_CXX_LANGUAGE_STANDARD = "gnu++0x";
				CLANG_CXX_LIBRARY = "libc++";
				CLANG_ENABLE_MODULES = YES;
				CLANG_ENABLE_OBJC_ARC = YES;
				CLANG_WARN_BOOL_CONVERSION = YES;
				CLANG_WARN_CONSTANT_CONVERSION = YES;
				CLANG_WARN_DIRECT_OBJC_ISA_USAGE = YES_ERROR;
				CLANG_WARN_EMPTY_BODY = YES;
				CLANG_WARN_ENUM_CONVERSION = YES;
				CLANG_WARN_INT_CONVERSION = YES;
				CLANG_WARN_OBJC_ROOT_CLASS = YES_ERROR;
				CLANG_WARN_UNREACHABLE_CODE = YES;
				CLANG_WARN__DUPLICATE_METHOD_MATCH = YES;
				"CODE_SIGN_IDENTITY[sdk=iphoneos*]" = "iPhone Developer";
				COPY_PHASE_STRIP = NO;
				DEBUG_INFORMATION_FORMAT = dwarf;
				ENABLE_STRICT_OBJC_MSGSEND = YES;
				ENABLE_TESTABILITY = YES;
				GCC_C_LANGUAGE_STANDARD = gnu99;
				GCC_DYNAMIC_NO_PIC = NO;
				GCC_NO_COMMON_BLOCKS = YES;
				GCC_OPTIMIZATION_LEVEL = 0;
				GCC_PREPROCESSOR_DEFINITIONS = (
					"DEBUG=1",
					"$(inherited)",
				);
				GCC_WARN_64_TO_32_BIT_CONVERSION = YES;
				GCC_WARN_ABOUT_RETURN_TYPE = YES_ERROR;
				GCC_WARN_UNDECLARED_SELECTOR = YES;
				GCC_WARN_UNINITIALIZED_AUTOS = YES_AGGRESSIVE;
				GCC_WARN_UNUSED_FUNCTION = YES;
				GCC_WARN_UNUSED_VARIABLE = YES;
				IPHONEOS_DEPLOYMENT_TARGET = 9.2;
				MTL_ENABLE_DEBUG_INFO = YES;
				ONLY_ACTIVE_ARCH = YES;
				SDKROOT = iphoneos;
				SWIFT_OPTIMIZATION_LEVEL = "-Onone";
				TARGETED_DEVICE_FAMILY = "1,2";
			};
			name = Debug;
		};
		CCCC8CD91C3D2FE700E05FCD /* Release */ = {
			isa = XCBuildConfiguration;
			buildSettings = {
				ALWAYS_SEARCH_USER_PATHS = NO;
				CLANG_CXX_LANGUAGE_STANDARD = "gnu++0x";
				CLANG_CXX_LIBRARY = "libc++";
				CLANG_ENABLE_MODULES = YES;
				CLANG_ENABLE_OBJC_ARC = YES;
				CLANG_WARN_BOOL_CONVERSION = YES;
				CLANG_WARN_CONSTANT_CONVERSION = YES;
				CLANG_WARN_DIRECT_OBJC_ISA_USAGE = YES_ERROR;
				CLANG_WARN_EMPTY_BODY = YES;
				CLANG_WARN_ENUM_CONVERSION = YES;
				CLANG_WARN_INT_CONVERSION = YES;
				CLANG_WARN_OBJC_ROOT_CLASS = YES_ERROR;
				CLANG_WARN_UNREACHABLE_CODE = YES;
				CLANG_WARN__DUPLICATE_METHOD_MATCH = YES;
				"CODE_SIGN_IDENTITY[sdk=iphoneos*]" = "iPhone Developer";
				COPY_PHASE_STRIP = NO;
				DEBUG_INFORMATION_FORMAT = "dwarf-with-dsym";
				ENABLE_NS_ASSERTIONS = NO;
				ENABLE_STRICT_OBJC_MSGSEND = YES;
				GCC_C_LANGUAGE_STANDARD = gnu99;
				GCC_NO_COMMON_BLOCKS = YES;
				GCC_WARN_64_TO_32_BIT_CONVERSION = YES;
				GCC_WARN_ABOUT_RETURN_TYPE = YES_ERROR;
				GCC_WARN_UNDECLARED_SELECTOR = YES;
				GCC_WARN_UNINITIALIZED_AUTOS = YES_AGGRESSIVE;
				GCC_WARN_UNUSED_FUNCTION = YES;
				GCC_WARN_UNUSED_VARIABLE = YES;
				IPHONEOS_DEPLOYMENT_TARGET = 9.2;
				MTL_ENABLE_DEBUG_INFO = NO;
				SDKROOT = iphoneos;
				TARGETED_DEVICE_FAMILY = "1,2";
				VALIDATE_PRODUCT = YES;
			};
			name = Release;
		};
		CCCC8CDB1C3D2FE700E05FCD /* Debug */ = {
			isa = XCBuildConfiguration;
			buildSettings = {
				ASSETCATALOG_COMPILER_APPICON_NAME = AppIcon;
				INFOPLIST_FILE = tableview/Info.plist;
				IPHONEOS_DEPLOYMENT_TARGET = 9.1;
				LD_RUNPATH_SEARCH_PATHS = "$(inherited) @executable_path/Frameworks";
				PRODUCT_BUNDLE_IDENTIFIER = com.kakaocorp.devpf.tableview;
				PRODUCT_NAME = "$(TARGET_NAME)";
			};
			name = Debug;
		};
		CCCC8CDC1C3D2FE700E05FCD /* Release */ = {
			isa = XCBuildConfiguration;
			buildSettings = {
				ASSETCATALOG_COMPILER_APPICON_NAME = AppIcon;
				INFOPLIST_FILE = tableview/Info.plist;
				IPHONEOS_DEPLOYMENT_TARGET = 9.1;
				LD_RUNPATH_SEARCH_PATHS = "$(inherited) @executable_path/Frameworks";
				PRODUCT_BUNDLE_IDENTIFIER = com.kakaocorp.devpf.tableview;
				PRODUCT_NAME = "$(TARGET_NAME)";
			};
			name = Release;
		};
		CCCC8CDE1C3D2FE700E05FCD /* Debug */ = {
			isa = XCBuildConfiguration;
			buildSettings = {
				BUNDLE_LOADER = "$(TEST_HOST)";
				INFOPLIST_FILE = tableviewTests/Info.plist;
				IPHONEOS_DEPLOYMENT_TARGET = 9.1;
				LD_RUNPATH_SEARCH_PATHS = "$(inherited) @executable_path/Frameworks @loader_path/Frameworks";
				PRODUCT_BUNDLE_IDENTIFIER = com.kakaocorp.devpf.tableviewTests;
				PRODUCT_NAME = "$(TARGET_NAME)";
				TEST_HOST = "$(BUILT_PRODUCTS_DIR)/tableview.app/tableview";
			};
			name = Debug;
		};
		CCCC8CDF1C3D2FE700E05FCD /* Release */ = {
			isa = XCBuildConfiguration;
			buildSettings = {
				BUNDLE_LOADER = "$(TEST_HOST)";
				INFOPLIST_FILE = tableviewTests/Info.plist;
				IPHONEOS_DEPLOYMENT_TARGET = 9.1;
				LD_RUNPATH_SEARCH_PATHS = "$(inherited) @executable_path/Frameworks @loader_path/Frameworks";
				PRODUCT_BUNDLE_IDENTIFIER = com.kakaocorp.devpf.tableviewTests;
				PRODUCT_NAME = "$(TARGET_NAME)";
				TEST_HOST = "$(BUILT_PRODUCTS_DIR)/tableview.app/tableview";
			};
			name = Release;
		};
		CCCC8CE11C3D2FE700E05FCD /* Debug */ = {
			isa = XCBuildConfiguration;
			buildSettings = {
				INFOPLIST_FILE = tableviewUITests/Info.plist;
				IPHONEOS_DEPLOYMENT_TARGET = 9.2;
				LD_RUNPATH_SEARCH_PATHS = "$(inherited) @executable_path/Frameworks @loader_path/Frameworks";
				PRODUCT_BUNDLE_IDENTIFIER = com.kakaocorp.devpf.tableviewUITests;
				PRODUCT_NAME = "$(TARGET_NAME)";
				TEST_TARGET_NAME = tableview;
				USES_XCTRUNNER = YES;
			};
			name = Debug;
		};
		CCCC8CE21C3D2FE700E05FCD /* Release */ = {
			isa = XCBuildConfiguration;
			buildSettings = {
				INFOPLIST_FILE = tableviewUITests/Info.plist;
				IPHONEOS_DEPLOYMENT_TARGET = 9.2;
				LD_RUNPATH_SEARCH_PATHS = "$(inherited) @executable_path/Frameworks @loader_path/Frameworks";
				PRODUCT_BUNDLE_IDENTIFIER = com.kakaocorp.devpf.tableviewUITests;
				PRODUCT_NAME = "$(TARGET_NAME)";
				TEST_TARGET_NAME = tableview;
				USES_XCTRUNNER = YES;
			};
			name = Release;
		};
/* End XCBuildConfiguration section */

/* Begin XCConfigurationList section */
		CCCC8CAD1C3D2FE700E05FCD /* Build configuration list for PBXProject "tableview" */ = {
			isa = XCConfigurationList;
			buildConfigurations = (
				CCCC8CD81C3D2FE700E05FCD /* Debug */,
				CCCC8CD91C3D2FE700E05FCD /* Release */,
			);
			defaultConfigurationIsVisible = 0;
			defaultConfigurationName = Release;
		};
		CCCC8CDA1C3D2FE700E05FCD /* Build configuration list for PBXNativeTarget "tableview" */ = {
			isa = XCConfigurationList;
			buildConfigurations = (
				CCCC8CDB1C3D2FE700E05FCD /* Debug */,
				CCCC8CDC1C3D2FE700E05FCD /* Release */,
			);
			defaultConfigurationIsVisible = 0;
			defaultConfigurationName = Release;
		};
		CCCC8CDD1C3D2FE700E05FCD /* Build configuration list for PBXNativeTarget "tableviewTests" */ = {
			isa = XCConfigurationList;
			buildConfigurations = (
				CCCC8CDE1C3D2FE700E05FCD /* Debug */,
				CCCC8CDF1C3D2FE700E05FCD /* Release */,
			);
			defaultConfigurationIsVisible = 0;
			defaultConfigurationName = Release;
		};
		CCCC8CE01C3D2FE700E05FCD /* Build configuration list for PBXNativeTarget "tableviewUITests" */ = {
			isa = XCConfigurationList;
			buildConfigurations = (
				CCCC8CE11C3D2FE700E05FCD /* Debug */,
				CCCC8CE21C3D2FE700E05FCD /* Release */,
			);
			defaultConfigurationIsVisible = 0;
			defaultConfigurationName = Release;
		};
/* End XCConfigurationList section */
	};
	rootObject = CCCC8CAA1C3D2FE700E05FCD /* Project object */;
}
